// !$*UTF8*$!
{
	archiveVersion = 1;
	classes = {
	};
	objectVersion = 56;
	objects = {

/* Begin PBXBuildFile section */
		FC3EC50B2C8B2ECD000F5D5A /* FindByIPApp.swift in Sources */ = {isa = PBXBuildFile; fileRef = FC3EC50A2C8B2ECD000F5D5A /* FindByIPApp.swift */; };
		FC3EC50D2C8B2ECD000F5D5A /* ContentView.swift in Sources */ = {isa = PBXBuildFile; fileRef = FC3EC50C2C8B2ECD000F5D5A /* ContentView.swift */; };
		FC3EC50F2C8B2ECF000F5D5A /* Assets.xcassets in Resources */ = {isa = PBXBuildFile; fileRef = FC3EC50E2C8B2ECF000F5D5A /* Assets.xcassets */; };
		FC3EC5122C8B2ECF000F5D5A /* Preview Assets.xcassets in Resources */ = {isa = PBXBuildFile; fileRef = FC3EC5112C8B2ECF000F5D5A /* Preview Assets.xcassets */; };
		FC3EC51C2C8B2ECF000F5D5A /* FindByIPTests.swift in Sources */ = {isa = PBXBuildFile; fileRef = FC3EC51B2C8B2ECF000F5D5A /* FindByIPTests.swift */; };
		FC3EC5262C8B2ECF000F5D5A /* FindByIPUITests.swift in Sources */ = {isa = PBXBuildFile; fileRef = FC3EC5252C8B2ECF000F5D5A /* FindByIPUITests.swift */; };
		FC3EC5282C8B2ECF000F5D5A /* FindByIPUITestsLaunchTests.swift in Sources */ = {isa = PBXBuildFile; fileRef = FC3EC5272C8B2ECF000F5D5A /* FindByIPUITestsLaunchTests.swift */; };
/* End PBXBuildFile section */

/* Begin PBXContainerItemProxy section */
		FC3EC5182C8B2ECF000F5D5A /* PBXContainerItemProxy */ = {
			isa = PBXContainerItemProxy;
			containerPortal = FC3EC4FF2C8B2ECD000F5D5A /* Project object */;
			proxyType = 1;
			remoteGlobalIDString = FC3EC5062C8B2ECD000F5D5A;
			remoteInfo = FindByIP;
		};
		FC3EC5222C8B2ECF000F5D5A /* PBXContainerItemProxy */ = {
			isa = PBXContainerItemProxy;
			containerPortal = FC3EC4FF2C8B2ECD000F5D5A /* Project object */;
			proxyType = 1;
			remoteGlobalIDString = FC3EC5062C8B2ECD000F5D5A;
			remoteInfo = FindByIP;
		};
/* End PBXContainerItemProxy section */

/* Begin PBXFileReference section */
		FC3EC5072C8B2ECD000F5D5A /* FindByIP.app */ = {isa = PBXFileReference; explicitFileType = wrapper.application; includeInIndex = 0; path = FindByIP.app; sourceTree = BUILT_PRODUCTS_DIR; };
		FC3EC50A2C8B2ECD000F5D5A /* FindByIPApp.swift */ = {isa = PBXFileReference; lastKnownFileType = sourcecode.swift; path = FindByIPApp.swift; sourceTree = "<group>"; };
		FC3EC50C2C8B2ECD000F5D5A /* ContentView.swift */ = {isa = PBXFileReference; lastKnownFileType = sourcecode.swift; path = ContentView.swift; sourceTree = "<group>"; };
		FC3EC50E2C8B2ECF000F5D5A /* Assets.xcassets */ = {isa = PBXFileReference; lastKnownFileType = folder.assetcatalog; path = Assets.xcassets; sourceTree = "<group>"; };
		FC3EC5112C8B2ECF000F5D5A /* Preview Assets.xcassets */ = {isa = PBXFileReference; lastKnownFileType = folder.assetcatalog; path = "Preview Assets.xcassets"; sourceTree = "<group>"; };
		FC3EC5172C8B2ECF000F5D5A /* FindByIPTests.xctest */ = {isa = PBXFileReference; explicitFileType = wrapper.cfbundle; includeInIndex = 0; path = FindByIPTests.xctest; sourceTree = BUILT_PRODUCTS_DIR; };
		FC3EC51B2C8B2ECF000F5D5A /* FindByIPTests.swift */ = {isa = PBXFileReference; lastKnownFileType = sourcecode.swift; path = FindByIPTests.swift; sourceTree = "<group>"; };
		FC3EC5212C8B2ECF000F5D5A /* FindByIPUITests.xctest */ = {isa = PBXFileReference; explicitFileType = wrapper.cfbundle; includeInIndex = 0; path = FindByIPUITests.xctest; sourceTree = BUILT_PRODUCTS_DIR; };
		FC3EC5252C8B2ECF000F5D5A /* FindByIPUITests.swift */ = {isa = PBXFileReference; lastKnownFileType = sourcecode.swift; path = FindByIPUITests.swift; sourceTree = "<group>"; };
		FC3EC5272C8B2ECF000F5D5A /* FindByIPUITestsLaunchTests.swift */ = {isa = PBXFileReference; lastKnownFileType = sourcecode.swift; path = FindByIPUITestsLaunchTests.swift; sourceTree = "<group>"; };
/* End PBXFileReference section */

/* Begin PBXFrameworksBuildPhase section */
		FC3EC5042C8B2ECD000F5D5A /* Frameworks */ = {
			isa = PBXFrameworksBuildPhase;
			buildActionMask = 2147483647;
			files = (
			);
			runOnlyForDeploymentPostprocessing = 0;
		};
		FC3EC5142C8B2ECF000F5D5A /* Frameworks */ = {
			isa = PBXFrameworksBuildPhase;
			buildActionMask = 2147483647;
			files = (
			);
			runOnlyForDeploymentPostprocessing = 0;
		};
		FC3EC51E2C8B2ECF000F5D5A /* Frameworks */ = {
			isa = PBXFrameworksBuildPhase;
			buildActionMask = 2147483647;
			files = (
			);
			runOnlyForDeploymentPostprocessing = 0;
		};
/* End PBXFrameworksBuildPhase section */

/* Begin PBXGroup section */
		FC3EC4FE2C8B2ECD000F5D5A = {
			isa = PBXGroup;
			children = (
				FC3EC5092C8B2ECD000F5D5A /* FindByIP */,
				FC3EC51A2C8B2ECF000F5D5A /* FindByIPTests */,
				FC3EC5242C8B2ECF000F5D5A /* FindByIPUITests */,
				FC3EC5082C8B2ECD000F5D5A /* Products */,
			);
			sourceTree = "<group>";
		};
		FC3EC5082C8B2ECD000F5D5A /* Products */ = {
			isa = PBXGroup;
			children = (
				FC3EC5072C8B2ECD000F5D5A /* FindByIP.app */,
				FC3EC5172C8B2ECF000F5D5A /* FindByIPTests.xctest */,
				FC3EC5212C8B2ECF000F5D5A /* FindByIPUITests.xctest */,
			);
			name = Products;
			sourceTree = "<group>";
		};
		FC3EC5092C8B2ECD000F5D5A /* FindByIP */ = {
			isa = PBXGroup;
			children = (
				FC3EC50A2C8B2ECD000F5D5A /* FindByIPApp.swift */,
				FC3EC50C2C8B2ECD000F5D5A /* ContentView.swift */,
				FC3EC50E2C8B2ECF000F5D5A /* Assets.xcassets */,
				FC3EC5102C8B2ECF000F5D5A /* Preview Content */,
			);
			path = FindByIP;
			sourceTree = "<group>";
		};
		FC3EC5102C8B2ECF000F5D5A /* Preview Content */ = {
			isa = PBXGroup;
			children = (
				FC3EC5112C8B2ECF000F5D5A /* Preview Assets.xcassets */,
			);
			path = "Preview Content";
			sourceTree = "<group>";
		};
		FC3EC51A2C8B2ECF000F5D5A /* FindByIPTests */ = {
			isa = PBXGroup;
			children = (
				FC3EC51B2C8B2ECF000F5D5A /* FindByIPTests.swift */,
			);
			path = FindByIPTests;
			sourceTree = "<group>";
		};
		FC3EC5242C8B2ECF000F5D5A /* FindByIPUITests */ = {
			isa = PBXGroup;
			children = (
				FC3EC5252C8B2ECF000F5D5A /* FindByIPUITests.swift */,
				FC3EC5272C8B2ECF000F5D5A /* FindByIPUITestsLaunchTests.swift */,
			);
			path = FindByIPUITests;
			sourceTree = "<group>";
		};
/* End PBXGroup section */

/* Begin PBXNativeTarget section */
		FC3EC5062C8B2ECD000F5D5A /* FindByIP */ = {
			isa = PBXNativeTarget;
			buildConfigurationList = FC3EC52B2C8B2ECF000F5D5A /* Build configuration list for PBXNativeTarget "FindByIP" */;
			buildPhases = (
				FC3EC5032C8B2ECD000F5D5A /* Sources */,
				FC3EC5042C8B2ECD000F5D5A /* Frameworks */,
				FC3EC5052C8B2ECD000F5D5A /* Resources */,
			);
			buildRules = (
			);
			dependencies = (
			);
			name = FindByIP;
			productName = FindByIP;
			productReference = FC3EC5072C8B2ECD000F5D5A /* FindByIP.app */;
			productType = "com.apple.product-type.application";
		};
		FC3EC5162C8B2ECF000F5D5A /* FindByIPTests */ = {
			isa = PBXNativeTarget;
			buildConfigurationList = FC3EC52E2C8B2ECF000F5D5A /* Build configuration list for PBXNativeTarget "FindByIPTests" */;
			buildPhases = (
				FC3EC5132C8B2ECF000F5D5A /* Sources */,
				FC3EC5142C8B2ECF000F5D5A /* Frameworks */,
				FC3EC5152C8B2ECF000F5D5A /* Resources */,
			);
			buildRules = (
			);
			dependencies = (
				FC3EC5192C8B2ECF000F5D5A /* PBXTargetDependency */,
			);
			name = FindByIPTests;
			productName = FindByIPTests;
			productReference = FC3EC5172C8B2ECF000F5D5A /* FindByIPTests.xctest */;
			productType = "com.apple.product-type.bundle.unit-test";
		};
		FC3EC5202C8B2ECF000F5D5A /* FindByIPUITests */ = {
			isa = PBXNativeTarget;
			buildConfigurationList = FC3EC5312C8B2ECF000F5D5A /* Build configuration list for PBXNativeTarget "FindByIPUITests" */;
			buildPhases = (
				FC3EC51D2C8B2ECF000F5D5A /* Sources */,
				FC3EC51E2C8B2ECF000F5D5A /* Frameworks */,
				FC3EC51F2C8B2ECF000F5D5A /* Resources */,
			);
			buildRules = (
			);
			dependencies = (
				FC3EC5232C8B2ECF000F5D5A /* PBXTargetDependency */,
			);
			name = FindByIPUITests;
			productName = FindByIPUITests;
			productReference = FC3EC5212C8B2ECF000F5D5A /* FindByIPUITests.xctest */;
			productType = "com.apple.product-type.bundle.ui-testing";
		};
/* End PBXNativeTarget section */

/* Begin PBXProject section */
		FC3EC4FF2C8B2ECD000F5D5A /* Project object */ = {
			isa = PBXProject;
			attributes = {
				BuildIndependentTargetsInParallel = 1;
				LastSwiftUpdateCheck = 1530;
				LastUpgradeCheck = 1530;
				TargetAttributes = {
					FC3EC5062C8B2ECD000F5D5A = {
						CreatedOnToolsVersion = 15.3;
					};
					FC3EC5162C8B2ECF000F5D5A = {
						CreatedOnToolsVersion = 15.3;
						TestTargetID = FC3EC5062C8B2ECD000F5D5A;
					};
					FC3EC5202C8B2ECF000F5D5A = {
						CreatedOnToolsVersion = 15.3;
						TestTargetID = FC3EC5062C8B2ECD000F5D5A;
					};
				};
			};
			buildConfigurationList = FC3EC5022C8B2ECD000F5D5A /* Build configuration list for PBXProject "FindByIP" */;
			compatibilityVersion = "Xcode 14.0";
			developmentRegion = en;
			hasScannedForEncodings = 0;
			knownRegions = (
				en,
				Base,
			);
			mainGroup = FC3EC4FE2C8B2ECD000F5D5A;
			productRefGroup = FC3EC5082C8B2ECD000F5D5A /* Products */;
			projectDirPath = "";
			projectRoot = "";
			targets = (
				FC3EC5062C8B2ECD000F5D5A /* FindByIP */,
				FC3EC5162C8B2ECF000F5D5A /* FindByIPTests */,
				FC3EC5202C8B2ECF000F5D5A /* FindByIPUITests */,
			);
		};
/* End PBXProject section */

/* Begin PBXResourcesBuildPhase section */
		FC3EC5052C8B2ECD000F5D5A /* Resources */ = {
			isa = PBXResourcesBuildPhase;
			buildActionMask = 2147483647;
			files = (
				FC3EC5122C8B2ECF000F5D5A /* Preview Assets.xcassets in Resources */,
				FC3EC50F2C8B2ECF000F5D5A /* Assets.xcassets in Resources */,
			);
			runOnlyForDeploymentPostprocessing = 0;
		};
		FC3EC5152C8B2ECF000F5D5A /* Resources */ = {
			isa = PBXResourcesBuildPhase;
			buildActionMask = 2147483647;
			files = (
			);
			runOnlyForDeploymentPostprocessing = 0;
		};
		FC3EC51F2C8B2ECF000F5D5A /* Resources */ = {
			isa = PBXResourcesBuildPhase;
			buildActionMask = 2147483647;
			files = (
			);
			runOnlyForDeploymentPostprocessing = 0;
		};
/* End PBXResourcesBuildPhase section */

/* Begin PBXSourcesBuildPhase section */
		FC3EC5032C8B2ECD000F5D5A /* Sources */ = {
			isa = PBXSourcesBuildPhase;
			buildActionMask = 2147483647;
			files = (
				FC3EC50D2C8B2ECD000F5D5A /* ContentView.swift in Sources */,
				FC3EC50B2C8B2ECD000F5D5A /* FindByIPApp.swift in Sources */,
			);
			runOnlyForDeploymentPostprocessing = 0;
		};
		FC3EC5132C8B2ECF000F5D5A /* Sources */ = {
			isa = PBXSourcesBuildPhase;
			buildActionMask = 2147483647;
			files = (
				FC3EC51C2C8B2ECF000F5D5A /* FindByIPTests.swift in Sources */,
			);
			runOnlyForDeploymentPostprocessing = 0;
		};
		FC3EC51D2C8B2ECF000F5D5A /* Sources */ = {
			isa = PBXSourcesBuildPhase;
			buildActionMask = 2147483647;
			files = (
				FC3EC5282C8B2ECF000F5D5A /* FindByIPUITestsLaunchTests.swift in Sources */,
				FC3EC5262C8B2ECF000F5D5A /* FindByIPUITests.swift in Sources */,
			);
			runOnlyForDeploymentPostprocessing = 0;
		};
/* End PBXSourcesBuildPhase section */

/* Begin PBXTargetDependency section */
		FC3EC5192C8B2ECF000F5D5A /* PBXTargetDependency */ = {
			isa = PBXTargetDependency;
			target = FC3EC5062C8B2ECD000F5D5A /* FindByIP */;
			targetProxy = FC3EC5182C8B2ECF000F5D5A /* PBXContainerItemProxy */;
		};
		FC3EC5232C8B2ECF000F5D5A /* PBXTargetDependency */ = {
			isa = PBXTargetDependency;
			target = FC3EC5062C8B2ECD000F5D5A /* FindByIP */;
			targetProxy = FC3EC5222C8B2ECF000F5D5A /* PBXContainerItemProxy */;
		};
/* End PBXTargetDependency section */

/* Begin XCBuildConfiguration section */
		FC3EC5292C8B2ECF000F5D5A /* Debug */ = {
			isa = XCBuildConfiguration;
			buildSettings = {
				ALWAYS_SEARCH_USER_PATHS = NO;
				ASSETCATALOG_COMPILER_GENERATE_SWIFT_ASSET_SYMBOL_EXTENSIONS = YES;
				CLANG_ANALYZER_NONNULL = YES;
				CLANG_ANALYZER_NUMBER_OBJECT_CONVERSION = YES_AGGRESSIVE;
				CLANG_CXX_LANGUAGE_STANDARD = "gnu++20";
				CLANG_ENABLE_MODULES = YES;
				CLANG_ENABLE_OBJC_ARC = YES;
				CLANG_ENABLE_OBJC_WEAK = YES;
				CLANG_WARN_BLOCK_CAPTURE_AUTORELEASING = YES;
				CLANG_WARN_BOOL_CONVERSION = YES;
				CLANG_WARN_COMMA = YES;
				CLANG_WARN_CONSTANT_CONVERSION = YES;
				CLANG_WARN_DEPRECATED_OBJC_IMPLEMENTATIONS = YES;
				CLANG_WARN_DIRECT_OBJC_ISA_USAGE = YES_ERROR;
				CLANG_WARN_DOCUMENTATION_COMMENTS = YES;
				CLANG_WARN_EMPTY_BODY = YES;
				CLANG_WARN_ENUM_CONVERSION = YES;
				CLANG_WARN_INFINITE_RECURSION = YES;
				CLANG_WARN_INT_CONVERSION = YES;
				CLANG_WARN_NON_LITERAL_NULL_CONVERSION = YES;
				CLANG_WARN_OBJC_IMPLICIT_RETAIN_SELF = YES;
				CLANG_WARN_OBJC_LITERAL_CONVERSION = YES;
				CLANG_WARN_OBJC_ROOT_CLASS = YES_ERROR;
				CLANG_WARN_QUOTED_INCLUDE_IN_FRAMEWORK_HEADER = YES;
				CLANG_WARN_RANGE_LOOP_ANALYSIS = YES;
				CLANG_WARN_STRICT_PROTOTYPES = YES;
				CLANG_WARN_SUSPICIOUS_MOVE = YES;
				CLANG_WARN_UNGUARDED_AVAILABILITY = YES_AGGRESSIVE;
				CLANG_WARN_UNREACHABLE_CODE = YES;
				CLANG_WARN__DUPLICATE_METHOD_MATCH = YES;
				COPY_PHASE_STRIP = NO;
				DEBUG_INFORMATION_FORMAT = dwarf;
				ENABLE_STRICT_OBJC_MSGSEND = YES;
				ENABLE_TESTABILITY = YES;
				ENABLE_USER_SCRIPT_SANDBOXING = YES;
				GCC_C_LANGUAGE_STANDARD = gnu17;
				GCC_DYNAMIC_NO_PIC = NO;
				GCC_NO_COMMON_BLOCKS = YES;
				GCC_OPTIMIZATION_LEVEL = 0;
				GCC_PREPROCESSOR_DEFINITIONS = (
					"DEBUG=1",
					"$(inherited)",
				);
				GCC_WARN_64_TO_32_BIT_CONVERSION = YES;
				GCC_WARN_ABOUT_RETURN_TYPE = YES_ERROR;
				GCC_WARN_UNDECLARED_SELECTOR = YES;
				GCC_WARN_UNINITIALIZED_AUTOS = YES_AGGRESSIVE;
				GCC_WARN_UNUSED_FUNCTION = YES;
				GCC_WARN_UNUSED_VARIABLE = YES;
				IPHONEOS_DEPLOYMENT_TARGET = 17.4;
				LOCALIZATION_PREFERS_STRING_CATALOGS = YES;
				MTL_ENABLE_DEBUG_INFO = INCLUDE_SOURCE;
				MTL_FAST_MATH = YES;
				ONLY_ACTIVE_ARCH = YES;
				SDKROOT = iphoneos;
				SWIFT_ACTIVE_COMPILATION_CONDITIONS = "DEBUG $(inherited)";
				SWIFT_OPTIMIZATION_LEVEL = "-Onone";
			};
			name = Debug;
		};
		FC3EC52A2C8B2ECF000F5D5A /* Release */ = {
			isa = XCBuildConfiguration;
			buildSettings = {
				ALWAYS_SEARCH_USER_PATHS = NO;
				ASSETCATALOG_COMPILER_GENERATE_SWIFT_ASSET_SYMBOL_EXTENSIONS = YES;
				CLANG_ANALYZER_NONNULL = YES;
				CLANG_ANALYZER_NUMBER_OBJECT_CONVERSION = YES_AGGRESSIVE;
				CLANG_CXX_LANGUAGE_STANDARD = "gnu++20";
				CLANG_ENABLE_MODULES = YES;
				CLANG_ENABLE_OBJC_ARC = YES;
				CLANG_ENABLE_OBJC_WEAK = YES;
				CLANG_WARN_BLOCK_CAPTURE_AUTORELEASING = YES;
				CLANG_WARN_BOOL_CONVERSION = YES;
				CLANG_WARN_COMMA = YES;
				CLANG_WARN_CONSTANT_CONVERSION = YES;
				CLANG_WARN_DEPRECATED_OBJC_IMPLEMENTATIONS = YES;
				CLANG_WARN_DIRECT_OBJC_ISA_USAGE = YES_ERROR;
				CLANG_WARN_DOCUMENTATION_COMMENTS = YES;
				CLANG_WARN_EMPTY_BODY = YES;
				CLANG_WARN_ENUM_CONVERSION = YES;
				CLANG_WARN_INFINITE_RECURSION = YES;
				CLANG_WARN_INT_CONVERSION = YES;
				CLANG_WARN_NON_LITERAL_NULL_CONVERSION = YES;
				CLANG_WARN_OBJC_IMPLICIT_RETAIN_SELF = YES;
				CLANG_WARN_OBJC_LITERAL_CONVERSION = YES;
				CLANG_WARN_OBJC_ROOT_CLASS = YES_ERROR;
				CLANG_WARN_QUOTED_INCLUDE_IN_FRAMEWORK_HEADER = YES;
				CLANG_WARN_RANGE_LOOP_ANALYSIS = YES;
				CLANG_WARN_STRICT_PROTOTYPES = YES;
				CLANG_WARN_SUSPICIOUS_MOVE = YES;
				CLANG_WARN_UNGUARDED_AVAILABILITY = YES_AGGRESSIVE;
				CLANG_WARN_UNREACHABLE_CODE = YES;
				CLANG_WARN__DUPLICATE_METHOD_MATCH = YES;
				COPY_PHASE_STRIP = NO;
				DEBUG_INFORMATION_FORMAT = "dwarf-with-dsym";
				ENABLE_NS_ASSERTIONS = NO;
				ENABLE_STRICT_OBJC_MSGSEND = YES;
				ENABLE_USER_SCRIPT_SANDBOXING = YES;
				GCC_C_LANGUAGE_STANDARD = gnu17;
				GCC_NO_COMMON_BLOCKS = YES;
				GCC_WARN_64_TO_32_BIT_CONVERSION = YES;
				GCC_WARN_ABOUT_RETURN_TYPE = YES_ERROR;
				GCC_WARN_UNDECLARED_SELECTOR = YES;
				GCC_WARN_UNINITIALIZED_AUTOS = YES_AGGRESSIVE;
				GCC_WARN_UNUSED_FUNCTION = YES;
				GCC_WARN_UNUSED_VARIABLE = YES;
				IPHONEOS_DEPLOYMENT_TARGET = 17.4;
				LOCALIZATION_PREFERS_STRING_CATALOGS = YES;
				MTL_ENABLE_DEBUG_INFO = NO;
				MTL_FAST_MATH = YES;
				SDKROOT = iphoneos;
				SWIFT_COMPILATION_MODE = wholemodule;
				VALIDATE_PRODUCT = YES;
			};
			name = Release;
		};
		FC3EC52C2C8B2ECF000F5D5A /* Debug */ = {
			isa = XCBuildConfiguration;
			buildSettings = {
				ASSETCATALOG_COMPILER_APPICON_NAME = AppIcon;
				ASSETCATALOG_COMPILER_GLOBAL_ACCENT_COLOR_NAME = AccentColor;
				CODE_SIGN_STYLE = Automatic;
				CURRENT_PROJECT_VERSION = 1;
				DEVELOPMENT_ASSET_PATHS = "\"FindByIP/Preview Content\"";
				DEVELOPMENT_TEAM = BQ85TLYX66;
				ENABLE_PREVIEWS = YES;
				GENERATE_INFOPLIST_FILE = YES;
				INFOPLIST_KEY_UIApplicationSceneManifest_Generation = YES;
				INFOPLIST_KEY_UIApplicationSupportsIndirectInputEvents = YES;
				INFOPLIST_KEY_UILaunchScreen_Generation = YES;
				INFOPLIST_KEY_UISupportedInterfaceOrientations_iPad = "UIInterfaceOrientationPortrait UIInterfaceOrientationPortraitUpsideDown UIInterfaceOrientationLandscapeLeft UIInterfaceOrientationLandscapeRight";
				INFOPLIST_KEY_UISupportedInterfaceOrientations_iPhone = "UIInterfaceOrientationPortrait UIInterfaceOrientationLandscapeLeft UIInterfaceOrientationLandscapeRight";
				LD_RUNPATH_SEARCH_PATHS = (
					"$(inherited)",
					"@executable_path/Frameworks",
				);
				MARKETING_VERSION = 1.0;
				PRODUCT_BUNDLE_IDENTIFIER = pets.FindByIP;
				PRODUCT_NAME = "$(TARGET_NAME)";
				SWIFT_EMIT_LOC_STRINGS = YES;
				SWIFT_VERSION = 5.0;
				TARGETED_DEVICE_FAMILY = "1,2";
			};
			name = Debug;
		};
		FC3EC52D2C8B2ECF000F5D5A /* Release */ = {
			isa = XCBuildConfiguration;
			buildSettings = {
				ASSETCATALOG_COMPILER_APPICON_NAME = AppIcon;
				ASSETCATALOG_COMPILER_GLOBAL_ACCENT_COLOR_NAME = AccentColor;
				CODE_SIGN_STYLE = Automatic;
				CURRENT_PROJECT_VERSION = 1;
				DEVELOPMENT_ASSET_PATHS = "\"FindByIP/Preview Content\"";
				DEVELOPMENT_TEAM = BQ85TLYX66;
				ENABLE_PREVIEWS = YES;
				GENERATE_INFOPLIST_FILE = YES;
				INFOPLIST_KEY_UIApplicationSceneManifest_Generation = YES;
				INFOPLIST_KEY_UIApplicationSupportsIndirectInputEvents = YES;
				INFOPLIST_KEY_UILaunchScreen_Generation = YES;
				INFOPLIST_KEY_UISupportedInterfaceOrientations_iPad = "UIInterfaceOrientationPortrait UIInterfaceOrientationPortraitUpsideDown UIInterfaceOrientationLandscapeLeft UIInterfaceOrientationLandscapeRight";
				INFOPLIST_KEY_UISupportedInterfaceOrientations_iPhone = "UIInterfaceOrientationPortrait UIInterfaceOrientationLandscapeLeft UIInterfaceOrientationLandscapeRight";
				LD_RUNPATH_SEARCH_PATHS = (
					"$(inherited)",
					"@executable_path/Frameworks",
				);
				MARKETING_VERSION = 1.0;
				PRODUCT_BUNDLE_IDENTIFIER = pets.FindByIP;
				PRODUCT_NAME = "$(TARGET_NAME)";
				SWIFT_EMIT_LOC_STRINGS = YES;
				SWIFT_VERSION = 5.0;
				TARGETED_DEVICE_FAMILY = "1,2";
			};
			name = Release;
		};
		FC3EC52F2C8B2ECF000F5D5A /* Debug */ = {
			isa = XCBuildConfiguration;
			buildSettings = {
				ALWAYS_EMBED_SWIFT_STANDARD_LIBRARIES = YES;
				BUNDLE_LOADER = "$(TEST_HOST)";
				CODE_SIGN_STYLE = Automatic;
				CURRENT_PROJECT_VERSION = 1;
				DEVELOPMENT_TEAM = BQ85TLYX66;
				GENERATE_INFOPLIST_FILE = YES;
				IPHONEOS_DEPLOYMENT_TARGET = 17.4;
				MARKETING_VERSION = 1.0;
				PRODUCT_BUNDLE_IDENTIFIER = pets.FindByIPTests;
				PRODUCT_NAME = "$(TARGET_NAME)";
				SWIFT_EMIT_LOC_STRINGS = NO;
				SWIFT_VERSION = 5.0;
				TARGETED_DEVICE_FAMILY = "1,2";
				TEST_HOST = "$(BUILT_PRODUCTS_DIR)/FindByIP.app/$(BUNDLE_EXECUTABLE_FOLDER_PATH)/FindByIP";
			};
			name = Debug;
		};
		FC3EC5302C8B2ECF000F5D5A /* Release */ = {
			isa = XCBuildConfiguration;
			buildSettings = {
				ALWAYS_EMBED_SWIFT_STANDARD_LIBRARIES = YES;
				BUNDLE_LOADER = "$(TEST_HOST)";
				CODE_SIGN_STYLE = Automatic;
				CURRENT_PROJECT_VERSION = 1;
				DEVELOPMENT_TEAM = BQ85TLYX66;
				GENERATE_INFOPLIST_FILE = YES;
				IPHONEOS_DEPLOYMENT_TARGET = 17.4;
				MARKETING_VERSION = 1.0;
				PRODUCT_BUNDLE_IDENTIFIER = pets.FindByIPTests;
				PRODUCT_NAME = "$(TARGET_NAME)";
				SWIFT_EMIT_LOC_STRINGS = NO;
				SWIFT_VERSION = 5.0;
				TARGETED_DEVICE_FAMILY = "1,2";
				TEST_HOST = "$(BUILT_PRODUCTS_DIR)/FindByIP.app/$(BUNDLE_EXECUTABLE_FOLDER_PATH)/FindByIP";
			};
			name = Release;
		};
		FC3EC5322C8B2ECF000F5D5A /* Debug */ = {
			isa = XCBuildConfiguration;
			buildSettings = {
				ALWAYS_EMBED_SWIFT_STANDARD_LIBRARIES = YES;
				CODE_SIGN_STYLE = Automatic;
				CURRENT_PROJECT_VERSION = 1;
				DEVELOPMENT_TEAM = BQ85TLYX66;
				GENERATE_INFOPLIST_FILE = YES;
				MARKETING_VERSION = 1.0;
				PRODUCT_BUNDLE_IDENTIFIER = pets.FindByIPUITests;
				PRODUCT_NAME = "$(TARGET_NAME)";
				SWIFT_EMIT_LOC_STRINGS = NO;
				SWIFT_VERSION = 5.0;
				TARGETED_DEVICE_FAMILY = "1,2";
				TEST_TARGET_NAME = FindByIP;
			};
			name = Debug;
		};
		FC3EC5332C8B2ECF000F5D5A /* Release */ = {
			isa = XCBuildConfiguration;
			buildSettings = {
				ALWAYS_EMBED_SWIFT_STANDARD_LIBRARIES = YES;
				CODE_SIGN_STYLE = Automatic;
				CURRENT_PROJECT_VERSION = 1;
				DEVELOPMENT_TEAM = BQ85TLYX66;
				GENERATE_INFOPLIST_FILE = YES;
				MARKETING_VERSION = 1.0;
				PRODUCT_BUNDLE_IDENTIFIER = pets.FindByIPUITests;
				PRODUCT_NAME = "$(TARGET_NAME)";
				SWIFT_EMIT_LOC_STRINGS = NO;
				SWIFT_VERSION = 5.0;
				TARGETED_DEVICE_FAMILY = "1,2";
				TEST_TARGET_NAME = FindByIP;
			};
			name = Release;
		};
/* End XCBuildConfiguration section */

/* Begin XCConfigurationList section */
		FC3EC5022C8B2ECD000F5D5A /* Build configuration list for PBXProject "FindByIP" */ = {
			isa = XCConfigurationList;
			buildConfigurations = (
				FC3EC5292C8B2ECF000F5D5A /* Debug */,
				FC3EC52A2C8B2ECF000F5D5A /* Release */,
			);
			defaultConfigurationIsVisible = 0;
			defaultConfigurationName = Release;
		};
		FC3EC52B2C8B2ECF000F5D5A /* Build configuration list for PBXNativeTarget "FindByIP" */ = {
			isa = XCConfigurationList;
			buildConfigurations = (
				FC3EC52C2C8B2ECF000F5D5A /* Debug */,
				FC3EC52D2C8B2ECF000F5D5A /* Release */,
			);
			defaultConfigurationIsVisible = 0;
			defaultConfigurationName = Release;
		};
		FC3EC52E2C8B2ECF000F5D5A /* Build configuration list for PBXNativeTarget "FindByIPTests" */ = {
			isa = XCConfigurationList;
			buildConfigurations = (
				FC3EC52F2C8B2ECF000F5D5A /* Debug */,
				FC3EC5302C8B2ECF000F5D5A /* Release */,
			);
			defaultConfigurationIsVisible = 0;
			defaultConfigurationName = Release;
		};
		FC3EC5312C8B2ECF000F5D5A /* Build configuration list for PBXNativeTarget "FindByIPUITests" */ = {
			isa = XCConfigurationList;
			buildConfigurations = (
				FC3EC5322C8B2ECF000F5D5A /* Debug */,
				FC3EC5332C8B2ECF000F5D5A /* Release */,
			);
			defaultConfigurationIsVisible = 0;
			defaultConfigurationName = Release;
		};
/* End XCConfigurationList section */
	};
	rootObject = FC3EC4FF2C8B2ECD000F5D5A /* Project object */;
}
